
Microsoft Visual Studio Solution File, Format Version 12.00
# Visual Studio 2013
Project("{FAE04EC0-301F-11D3-BF4B-00C04F79EFBC}") = "UnityVS.BigTool.CSharp.Editor", "UnityVS.BigTool.CSharp.Editor.csproj", "{DCF7B830-CD84-7105-37B2-8802D4634F1E}"
EndProject
Project("{FAE04EC0-301F-11D3-BF4B-00C04F79EFBC}") = "UnityVS.BigTool.CSharp", "UnityVS.BigTool.CSharp.csproj", "{3E4AAD87-87B6-C694-611E-BD3C1CA41794}"
EndProject
Global
	GlobalSection(SolutionConfigurationPlatforms) = preSolution
		Debug|Any CPU = Debug|Any CPU
		Release|Any CPU = Release|Any CPU
	EndGlobalSection
	GlobalSection(ProjectConfigurationPlatforms) = postSolution
		{DCF7B830-CD84-7105-37B2-8802D4634F1E}.Debug|Any CPU.ActiveCfg = Debug|Any CPU
		{DCF7B830-CD84-7105-37B2-8802D4634F1E}.Debug|Any CPU.Build.0 = Debug|Any CPU
		{DCF7B830-CD84-7105-37B2-8802D4634F1E}.Release|Any CPU.ActiveCfg = Release|Any CPU
		{DCF7B830-CD84-7105-37B2-8802D4634F1E}.Release|Any CPU.Build.0 = Release|Any CPU
		{3E4AAD87-87B6-C694-611E-BD3C1CA41794}.Debug|Any CPU.ActiveCfg = Debug|Any CPU
		{3E4AAD87-87B6-C694-611E-BD3C1CA41794}.Debug|Any CPU.Build.0 = Debug|Any CPU
		{3E4AAD87-87B6-C694-611E-BD3C1CA41794}.Release|Any CPU.ActiveCfg = Release|Any CPU
		{3E4AAD87-87B6-C694-611E-BD3C1CA41794}.Release|Any CPU.Build.0 = Release|Any CPU
	EndGlobalSection
	GlobalSection(SolutionProperties) = preSolution
		HideSolutionNode = FALSE
	EndGlobalSection
EndGlobal
